
Microsoft Visual Studio Solution File, Format Version 12.00
# Visual Studio Version 16
VisualStudioVersion = 16.0.31624.102
MinimumVisualStudioVersion = 10.0.40219.1
Project("{9A19103F-16F7-4668-BE54-9A1E7A4F7556}") = "EksenServis", "EksenServis.csproj", "{F388A9EE-3277-41BE-B6A3-C5B8ABAC112B}"
EndProject
Project("{FAE04EC0-301F-11D3-BF4B-00C04F79EFBC}") = "EntityLayer", "..\EntityLayer\EntityLayer.csproj", "{2ADD87A0-5E01-4770-A4CD-C467361465B9}"
EndProject
Project("{FAE04EC0-301F-11D3-BF4B-00C04F79EFBC}") = "DataAccessLayer", "..\DataAccessLayer\DataAccessLayer.csproj", "{0907EA41-63BE-47DE-81F1-A955CB1C7220}"
EndProject
Project("{FAE04EC0-301F-11D3-BF4B-00C04F79EFBC}") = "BusinessLayer", "..\BusinessLayer\BusinessLayer.csproj", "{E9C31F74-A0C6-4B8B-A4D9-6200E9183E6E}"
EndProject
Project("{FAE04EC0-301F-11D3-BF4B-00C04F79EFBC}") = "CoreLayer", "..\CoreLayer\CoreLayer.csproj", "{28505B0A-AAEE-421C-90EC-6B21E11A565B}"
EndProject
Global
	GlobalSection(SolutionConfigurationPlatforms) = preSolution
		Debug|Any CPU = Debug|Any CPU
		Release|Any CPU = Release|Any CPU
	EndGlobalSection
	GlobalSection(ProjectConfigurationPlatforms) = postSolution
		{F388A9EE-3277-41BE-B6A3-C5B8ABAC112B}.Debug|Any CPU.ActiveCfg = Debug|Any CPU
		{F388A9EE-3277-41BE-B6A3-C5B8ABAC112B}.Debug|Any CPU.Build.0 = Debug|Any CPU
		{F388A9EE-3277-41BE-B6A3-C5B8ABAC112B}.Release|Any CPU.ActiveCfg = Release|Any CPU
		{F388A9EE-3277-41BE-B6A3-C5B8ABAC112B}.Release|Any CPU.Build.0 = Release|Any CPU
		{2ADD87A0-5E01-4770-A4CD-C467361465B9}.Debug|Any CPU.ActiveCfg = Debug|Any CPU
		{2ADD87A0-5E01-4770-A4CD-C467361465B9}.Debug|Any CPU.Build.0 = Debug|Any CPU
		{2ADD87A0-5E01-4770-A4CD-C467361465B9}.Release|Any CPU.ActiveCfg = Release|Any CPU
		{2ADD87A0-5E01-4770-A4CD-C467361465B9}.Release|Any CPU.Build.0 = Release|Any CPU
		{0907EA41-63BE-47DE-81F1-A955CB1C7220}.Debug|Any CPU.ActiveCfg = Debug|Any CPU
		{0907EA41-63BE-47DE-81F1-A955CB1C7220}.Debug|Any CPU.Build.0 = Debug|Any CPU
		{0907EA41-63BE-47DE-81F1-A955CB1C7220}.Release|Any CPU.ActiveCfg = Release|Any CPU
		{0907EA41-63BE-47DE-81F1-A955CB1C7220}.Release|Any CPU.Build.0 = Release|Any CPU
		{E9C31F74-A0C6-4B8B-A4D9-6200E9183E6E}.Debug|Any CPU.ActiveCfg = Debug|Any CPU
		{E9C31F74-A0C6-4B8B-A4D9-6200E9183E6E}.Debug|Any CPU.Build.0 = Debug|Any CPU
		{E9C31F74-A0C6-4B8B-A4D9-6200E9183E6E}.Release|Any CPU.ActiveCfg = Release|Any CPU
		{E9C31F74-A0C6-4B8B-A4D9-6200E9183E6E}.Release|Any CPU.Build.0 = Release|Any CPU
		{28505B0A-AAEE-421C-90EC-6B21E11A565B}.Debug|Any CPU.ActiveCfg = Debug|Any CPU
		{28505B0A-AAEE-421C-90EC-6B21E11A565B}.Debug|Any CPU.Build.0 = Debug|Any CPU
		{28505B0A-AAEE-421C-90EC-6B21E11A565B}.Release|Any CPU.ActiveCfg = Release|Any CPU
		{28505B0A-AAEE-421C-90EC-6B21E11A565B}.Release|Any CPU.Build.0 = Release|Any CPU
	EndGlobalSection
	GlobalSection(SolutionProperties) = preSolution
		HideSolutionNode = FALSE
	EndGlobalSection
	GlobalSection(ExtensibilityGlobals) = postSolution
		SolutionGuid = {1D3A827D-EC61-416E-9974-BDDACF798AF0}
	EndGlobalSection
EndGlobal
